// !$*UTF8*$!
{
	archiveVersion = 1;
	classes = {
	};
	objectVersion = 70;
	objects = {

/* Begin PBXBuildFile section */
		4D00000012345678001CAF11 /* CartItem.swift in Sources */ = {isa = PBXBuildFile; fileRef = 4D00000012345678001CAF12 /* CartItem.swift */; };
		4D00000012345678001CAF13 /* Product.swift in Sources */ = {isa = PBXBuildFile; fileRef = 4D00000012345678001CAF14 /* Product.swift */; };
		4D08BC772BCE79B4007B1FBA /* TappayoApp.swift in Sources */ = {isa = PBXBuildFile; fileRef = 4D08BC762BCE79B4007B1FBA /* TappayoApp.swift */; };
		4D08BC7B2BCE79C7007B1FBA /* Assets.xcassets in Resources */ = {isa = PBXBuildFile; fileRef = 4D08BC7A2BCE79C7007B1FBA /* Assets.xcassets */; };
		4D08BC7E2BCE79C7007B1FBA /* Preview Assets.xcassets in Resources */ = {isa = PBXBuildFile; fileRef = 4D08BC7D2BCE79C7007B1FBA /* Preview Assets.xcassets */; };
		4D08BC882BCE79C8007B1FBA /* TappayoTests.swift in Sources */ = {isa = PBXBuildFile; fileRef = 4D08BC872BCE79C8007B1FBA /* TappayoTests.swift */; };
		4D08BC922BCE79C8007B1FBA /* TappayoUITests.swift in Sources */ = {isa = PBXBuildFile; fileRef = 4D08BC912BCE79C8007B1FBA /* TappayoUITests.swift */; };
		4D08BC942BCE79C8007B1FBA /* TappayoUITestsLaunchTests.swift in Sources */ = {isa = PBXBuildFile; fileRef = 4D08BC932BCE79C8007B1FBA /* TappayoUITestsLaunchTests.swift */; };
		4D08BCA22BCE7E19007B1FBA /* StripeTerminal in Frameworks */ = {isa = PBXBuildFile; productRef = 4D08BCA12BCE7E19007B1FBA /* StripeTerminal */; };
		4D14B3BF2BE36195009213AC /* ReaderDiscoveryViewController.swift in Sources */ = {isa = PBXBuildFile; fileRef = 4D14B3BE2BE36195009213AC /* ReaderDiscoveryViewController.swift */; };
		4D14B3C52BE37E49009213AC /* TerminalConnectionView.swift in Sources */ = {isa = PBXBuildFile; fileRef = 4D14B3C42BE37E49009213AC /* TerminalConnectionView.swift */; };
		4D92B7152C0EA561005AD949 /* ContentView.swift in Sources */ = {isa = PBXBuildFile; fileRef = 4D92B7142C0EA561005AD949 /* ContentView.swift */; };
		4D92B71B2C0EE143005AD949 /* SettingsView.swift in Sources */ = {isa = PBXBuildFile; fileRef = 4D92B71A2C0EE143005AD949 /* SettingsView.swift */; };
		4D92B71D2C0EE223005AD949 /* UserDefaultsKeys.swift in Sources */ = {isa = PBXBuildFile; fileRef = 4D92B71C2C0EE223005AD949 /* UserDefaultsKeys.swift */; };
		4D92B7212C0EE642005AD949 /* UserDefaultsHelper.swift in Sources */ = {isa = PBXBuildFile; fileRef = 4D92B7202C0EE642005AD949 /* UserDefaultsHelper.swift */; };
		4D92B7232C0FF2DC005AD949 /* NumberFormatterExtension.swift in Sources */ = {isa = PBXBuildFile; fileRef = 4D92B7222C0FF2DC005AD949 /* NumberFormatterExtension.swift */; };
		4D92B7272C0FF67D005AD949 /* CurrencyTextField.swift in Sources */ = {isa = PBXBuildFile; fileRef = 4D92B7262C0FF67C005AD949 /* CurrencyTextField.swift */; };
		4DA470922CF60BFE009FAAD9 /* AboutView.swift in Sources */ = {isa = PBXBuildFile; fileRef = 4DA470912CF60BE2009FAAD9 /* AboutView.swift */; };
		4DA470962CF63B56009FAAD9 /* notes-for-cursor.txt in Resources */ = {isa = PBXBuildFile; fileRef = 4DA470952CF63B50009FAAD9 /* notes-for-cursor.txt */; };
		4DCA6AFC2BE347AB006220E5 /* APIClient.swift in Sources */ = {isa = PBXBuildFile; fileRef = 4DCA6AFB2BE347AB006220E5 /* APIClient.swift */; };
		4DD86DCD2ECD6B5100332F37 /* PhotoStorageHelper.swift in Sources */ = {isa = PBXBuildFile; fileRef = 4DD86DCB2ECD6B5100332F37 /* PhotoStorageHelper.swift */; };
		4DD86DD02ECD85FD00332F37 /* ItemEditorView.swift in Sources */ = {isa = PBXBuildFile; fileRef = 4DD86DCF2ECD85FD00332F37 /* ItemEditorView.swift */; };
		4DD86DD22ECD9BC800332F37 /* CustomKeypadView.swift in Sources */ = {isa = PBXBuildFile; fileRef = 4DD86DD12ECD9BC800332F37 /* CustomKeypadView.swift */; };
		4DD86DD42ECDA18800332F37 /* CheckoutSheet.swift in Sources */ = {isa = PBXBuildFile; fileRef = 4DD86DD32ECDA18800332F37 /* CheckoutSheet.swift */; };
		4DD86DD62ECDA5FD00332F37 /* CartListView.swift in Sources */ = {isa = PBXBuildFile; fileRef = 4DD86DD52ECDA5FD00332F37 /* CartListView.swift */; };
		4DD86DE12ECEB42200332F37 /* ProductEditorView.swift in Sources */ = {isa = PBXBuildFile; fileRef = 4DD86DDF2ECEB42200332F37 /* ProductEditorView.swift */; };
		4DD86DE22ECEB42200332F37 /* ProductsView.swift in Sources */ = {isa = PBXBuildFile; fileRef = 4DD86DE02ECEB42200332F37 /* ProductsView.swift */; };
		4DD86DE32ECEB42200332F37 /* DisplayOptionsView.swift in Sources */ = {isa = PBXBuildFile; fileRef = 4DD86DDE2ECEB42200332F37 /* DisplayOptionsView.swift */; };
		4DE1588D2ED368F4000290FA /* ElegantEmojiPicker in Frameworks */ = {isa = PBXBuildFile; productRef = 4DE1588C2ED368F4000290FA /* ElegantEmojiPicker */; };
/* End PBXBuildFile section */

/* Begin PBXContainerItemProxy section */
		4D08BC842BCE79C8007B1FBA /* PBXContainerItemProxy */ = {
			isa = PBXContainerItemProxy;
			containerPortal = 4D08BC6B2BCE79B4007B1FBA /* Project object */;
			proxyType = 1;
			remoteGlobalIDString = 4D08BC722BCE79B4007B1FBA;
			remoteInfo = Tappayo;
		};
		4D08BC8E2BCE79C8007B1FBA /* PBXContainerItemProxy */ = {
			isa = PBXContainerItemProxy;
			containerPortal = 4D08BC6B2BCE79B4007B1FBA /* Project object */;
			proxyType = 1;
			remoteGlobalIDString = 4D08BC722BCE79B4007B1FBA;
			remoteInfo = Tappayo;
		};
/* End PBXContainerItemProxy section */

/* Begin PBXFileReference section */
		4D00000012345678001CAF12 /* CartItem.swift */ = {isa = PBXFileReference; lastKnownFileType = sourcecode.swift; path = CartItem.swift; sourceTree = "<group>"; };
		4D00000012345678001CAF14 /* Product.swift */ = {isa = PBXFileReference; lastKnownFileType = sourcecode.swift; path = Product.swift; sourceTree = "<group>"; };
		4D08BC732BCE79B4007B1FBA /* Tappayo.app */ = {isa = PBXFileReference; explicitFileType = wrapper.application; includeInIndex = 0; path = Tappayo.app; sourceTree = BUILT_PRODUCTS_DIR; };
		4D08BC762BCE79B4007B1FBA /* TappayoApp.swift */ = {isa = PBXFileReference; lastKnownFileType = sourcecode.swift; path = TappayoApp.swift; sourceTree = "<group>"; };
		4D08BC7A2BCE79C7007B1FBA /* Assets.xcassets */ = {isa = PBXFileReference; lastKnownFileType = folder.assetcatalog; path = Assets.xcassets; sourceTree = "<group>"; };
		4D08BC7D2BCE79C7007B1FBA /* Preview Assets.xcassets */ = {isa = PBXFileReference; lastKnownFileType = folder.assetcatalog; path = "Preview Assets.xcassets"; sourceTree = "<group>"; };
		4D08BC832BCE79C8007B1FBA /* TappayoTests.xctest */ = {isa = PBXFileReference; explicitFileType = wrapper.cfbundle; includeInIndex = 0; path = TappayoTests.xctest; sourceTree = BUILT_PRODUCTS_DIR; };
		4D08BC872BCE79C8007B1FBA /* TappayoTests.swift */ = {isa = PBXFileReference; lastKnownFileType = sourcecode.swift; path = TappayoTests.swift; sourceTree = "<group>"; };
		4D08BC8D2BCE79C8007B1FBA /* TappayoUITests.xctest */ = {isa = PBXFileReference; explicitFileType = wrapper.cfbundle; includeInIndex = 0; path = TappayoUITests.xctest; sourceTree = BUILT_PRODUCTS_DIR; };
		4D08BC912BCE79C8007B1FBA /* TappayoUITests.swift */ = {isa = PBXFileReference; lastKnownFileType = sourcecode.swift; path = TappayoUITests.swift; sourceTree = "<group>"; };
		4D08BC932BCE79C8007B1FBA /* TappayoUITestsLaunchTests.swift */ = {isa = PBXFileReference; lastKnownFileType = sourcecode.swift; path = TappayoUITestsLaunchTests.swift; sourceTree = "<group>"; };
		4D08BCA32BCE818F007B1FBA /* Info.plist */ = {isa = PBXFileReference; lastKnownFileType = text.plist; path = Info.plist; sourceTree = "<group>"; };
		4D14B3BE2BE36195009213AC /* ReaderDiscoveryViewController.swift */ = {isa = PBXFileReference; lastKnownFileType = sourcecode.swift; path = ReaderDiscoveryViewController.swift; sourceTree = "<group>"; };
		4D14B3C42BE37E49009213AC /* TerminalConnectionView.swift */ = {isa = PBXFileReference; lastKnownFileType = sourcecode.swift; path = TerminalConnectionView.swift; sourceTree = "<group>"; };
		4D92B7142C0EA561005AD949 /* ContentView.swift */ = {isa = PBXFileReference; lastKnownFileType = sourcecode.swift; path = ContentView.swift; sourceTree = "<group>"; };
		4D92B71A2C0EE143005AD949 /* SettingsView.swift */ = {isa = PBXFileReference; lastKnownFileType = sourcecode.swift; path = SettingsView.swift; sourceTree = "<group>"; };
		4D92B71C2C0EE223005AD949 /* UserDefaultsKeys.swift */ = {isa = PBXFileReference; lastKnownFileType = sourcecode.swift; path = UserDefaultsKeys.swift; sourceTree = "<group>"; };
		4D92B7202C0EE642005AD949 /* UserDefaultsHelper.swift */ = {isa = PBXFileReference; lastKnownFileType = sourcecode.swift; path = UserDefaultsHelper.swift; sourceTree = "<group>"; };
		4D92B7222C0FF2DC005AD949 /* NumberFormatterExtension.swift */ = {isa = PBXFileReference; lastKnownFileType = sourcecode.swift; path = NumberFormatterExtension.swift; sourceTree = "<group>"; };
		4D92B7262C0FF67C005AD949 /* CurrencyTextField.swift */ = {isa = PBXFileReference; lastKnownFileType = sourcecode.swift; path = CurrencyTextField.swift; sourceTree = "<group>"; };
		4DA470912CF60BE2009FAAD9 /* AboutView.swift */ = {isa = PBXFileReference; lastKnownFileType = sourcecode.swift; path = AboutView.swift; sourceTree = "<group>"; };
		4DA470952CF63B50009FAAD9 /* notes-for-cursor.txt */ = {isa = PBXFileReference; lastKnownFileType = text; path = "notes-for-cursor.txt"; sourceTree = "<group>"; };
		4DCA6AFA2BE3386C006220E5 /* Tappayo.entitlements */ = {isa = PBXFileReference; lastKnownFileType = text.plist.entitlements; path = Tappayo.entitlements; sourceTree = "<group>"; };
		4DCA6AFB2BE347AB006220E5 /* APIClient.swift */ = {isa = PBXFileReference; lastKnownFileType = sourcecode.swift; path = APIClient.swift; sourceTree = "<group>"; };
		4DD86DCB2ECD6B5100332F37 /* PhotoStorageHelper.swift */ = {isa = PBXFileReference; lastKnownFileType = sourcecode.swift; path = PhotoStorageHelper.swift; sourceTree = "<group>"; };
		4DD86DCF2ECD85FD00332F37 /* ItemEditorView.swift */ = {isa = PBXFileReference; lastKnownFileType = sourcecode.swift; path = ItemEditorView.swift; sourceTree = "<group>"; };
		4DD86DD12ECD9BC800332F37 /* CustomKeypadView.swift */ = {isa = PBXFileReference; lastKnownFileType = sourcecode.swift; path = CustomKeypadView.swift; sourceTree = "<group>"; };
		4DD86DD32ECDA18800332F37 /* CheckoutSheet.swift */ = {isa = PBXFileReference; lastKnownFileType = sourcecode.swift; path = CheckoutSheet.swift; sourceTree = "<group>"; };
		4DD86DD52ECDA5FD00332F37 /* CartListView.swift */ = {isa = PBXFileReference; lastKnownFileType = sourcecode.swift; path = CartListView.swift; sourceTree = "<group>"; };
		4DD86DDE2ECEB42200332F37 /* DisplayOptionsView.swift */ = {isa = PBXFileReference; lastKnownFileType = sourcecode.swift; path = DisplayOptionsView.swift; sourceTree = "<group>"; };
		4DD86DDF2ECEB42200332F37 /* ProductEditorView.swift */ = {isa = PBXFileReference; lastKnownFileType = sourcecode.swift; path = ProductEditorView.swift; sourceTree = "<group>"; };
		4DD86DE02ECEB42200332F37 /* ProductsView.swift */ = {isa = PBXFileReference; lastKnownFileType = sourcecode.swift; path = ProductsView.swift; sourceTree = "<group>"; };
/* End PBXFileReference section */

/* Begin PBXFileSystemSynchronizedRootGroup section */
		4DD86DD72ECEA88800332F37 /* Components */ = {isa = PBXFileSystemSynchronizedRootGroup; explicitFileTypes = {}; explicitFolders = (); path = Components; sourceTree = "<group>"; };
/* End PBXFileSystemSynchronizedRootGroup section */

/* Begin PBXFrameworksBuildPhase section */
		4D08BC702BCE79B4007B1FBA /* Frameworks */ = {
			isa = PBXFrameworksBuildPhase;
			buildActionMask = 2147483647;
			files = (
				4DE1588D2ED368F4000290FA /* ElegantEmojiPicker in Frameworks */,
				4D08BCA22BCE7E19007B1FBA /* StripeTerminal in Frameworks */,
			);
			runOnlyForDeploymentPostprocessing = 0;
		};
		4D08BC802BCE79C8007B1FBA /* Frameworks */ = {
			isa = PBXFrameworksBuildPhase;
			buildActionMask = 2147483647;
			files = (
			);
			runOnlyForDeploymentPostprocessing = 0;
		};
		4D08BC8A2BCE79C8007B1FBA /* Frameworks */ = {
			isa = PBXFrameworksBuildPhase;
			buildActionMask = 2147483647;
			files = (
			);
			runOnlyForDeploymentPostprocessing = 0;
		};
/* End PBXFrameworksBuildPhase section */

/* Begin PBXGroup section */
		4D08BC6A2BCE79B4007B1FBA = {
			isa = PBXGroup;
			children = (
				4D08BC752BCE79B4007B1FBA /* Tappayo */,
				4D08BC862BCE79C8007B1FBA /* TappayoTests */,
				4D08BC902BCE79C8007B1FBA /* TappayoUITests */,
				4D08BC742BCE79B4007B1FBA /* Products */,
			);
			sourceTree = "<group>";
		};
		4D08BC742BCE79B4007B1FBA /* Products */ = {
			isa = PBXGroup;
			children = (
				4D08BC732BCE79B4007B1FBA /* Tappayo.app */,
				4D08BC832BCE79C8007B1FBA /* TappayoTests.xctest */,
				4D08BC8D2BCE79C8007B1FBA /* TappayoUITests.xctest */,
			);
			name = Products;
			sourceTree = "<group>";
		};
		4D08BC752BCE79B4007B1FBA /* Tappayo */ = {
			isa = PBXGroup;
			children = (
				4DD86DDE2ECEB42200332F37 /* DisplayOptionsView.swift */,
				4DD86DDF2ECEB42200332F37 /* ProductEditorView.swift */,
				4DD86DE02ECEB42200332F37 /* ProductsView.swift */,
				4DA470912CF60BE2009FAAD9 /* AboutView.swift */,
				4DCA6AFB2BE347AB006220E5 /* APIClient.swift */,
				4D08BC7A2BCE79C7007B1FBA /* Assets.xcassets */,
				4D00000012345678001CAF12 /* CartItem.swift */,
				4DD86DD52ECDA5FD00332F37 /* CartListView.swift */,
				4DD86DD32ECDA18800332F37 /* CheckoutSheet.swift */,
				4D92B7252C0FF66D005AD949 /* common */,
				4DD86DD72ECEA88800332F37 /* Components */,
				4D92B7142C0EA561005AD949 /* ContentView.swift */,
				4DD86DD12ECD9BC800332F37 /* CustomKeypadView.swift */,
				4D08BCA32BCE818F007B1FBA /* Info.plist */,
				4DD86DCF2ECD85FD00332F37 /* ItemEditorView.swift */,
				4DA470952CF63B50009FAAD9 /* notes-for-cursor.txt */,
				4DD86DCB2ECD6B5100332F37 /* PhotoStorageHelper.swift */,
				4D08BC7C2BCE79C7007B1FBA /* Preview Content */,
				4D00000012345678001CAF14 /* Product.swift */,
				4D14B3BE2BE36195009213AC /* ReaderDiscoveryViewController.swift */,
				4D92B71A2C0EE143005AD949 /* SettingsView.swift */,
				4DCA6AFA2BE3386C006220E5 /* Tappayo.entitlements */,
				4D08BC762BCE79B4007B1FBA /* TappayoApp.swift */,
				4D14B3C42BE37E49009213AC /* TerminalConnectionView.swift */,
				4D92B7202C0EE642005AD949 /* UserDefaultsHelper.swift */,
				4D92B71C2C0EE223005AD949 /* UserDefaultsKeys.swift */,
				4D92B7242C0FF2EF005AD949 /* utils */,
			);
			path = Tappayo;
			sourceTree = "<group>";
		};
		4D08BC7C2BCE79C7007B1FBA /* Preview Content */ = {
			isa = PBXGroup;
			children = (
				4D08BC7D2BCE79C7007B1FBA /* Preview Assets.xcassets */,
			);
			path = "Preview Content";
			sourceTree = "<group>";
		};
		4D08BC862BCE79C8007B1FBA /* TappayoTests */ = {
			isa = PBXGroup;
			children = (
				4D08BC872BCE79C8007B1FBA /* TappayoTests.swift */,
			);
			path = TappayoTests;
			sourceTree = "<group>";
		};
		4D08BC902BCE79C8007B1FBA /* TappayoUITests */ = {
			isa = PBXGroup;
			children = (
				4D08BC912BCE79C8007B1FBA /* TappayoUITests.swift */,
				4D08BC932BCE79C8007B1FBA /* TappayoUITestsLaunchTests.swift */,
			);
			path = TappayoUITests;
			sourceTree = "<group>";
		};
		4D92B7242C0FF2EF005AD949 /* utils */ = {
			isa = PBXGroup;
			children = (
				4D92B7222C0FF2DC005AD949 /* NumberFormatterExtension.swift */,
			);
			path = utils;
			sourceTree = "<group>";
		};
		4D92B7252C0FF66D005AD949 /* common */ = {
			isa = PBXGroup;
			children = (
				4D92B7262C0FF67C005AD949 /* CurrencyTextField.swift */,
			);
			path = common;
			sourceTree = "<group>";
		};
/* End PBXGroup section */

/* Begin PBXNativeTarget section */
		4D08BC722BCE79B4007B1FBA /* Tappayo */ = {
			isa = PBXNativeTarget;
			buildConfigurationList = 4D08BC972BCE79C8007B1FBA /* Build configuration list for PBXNativeTarget "Tappayo" */;
			buildPhases = (
				4D08BC6F2BCE79B4007B1FBA /* Sources */,
				4D08BC702BCE79B4007B1FBA /* Frameworks */,
				4D08BC712BCE79B4007B1FBA /* Resources */,
			);
			buildRules = (
			);
			dependencies = (
			);
			fileSystemSynchronizedGroups = (
				4DD86DD72ECEA88800332F37 /* Components */,
			);
			name = Tappayo;
			packageProductDependencies = (
				4D08BCA12BCE7E19007B1FBA /* StripeTerminal */,
				4DE1588C2ED368F4000290FA /* ElegantEmojiPicker */,
			);
			productName = Tappayo;
			productReference = 4D08BC732BCE79B4007B1FBA /* Tappayo.app */;
			productType = "com.apple.product-type.application";
		};
		4D08BC822BCE79C8007B1FBA /* TappayoTests */ = {
			isa = PBXNativeTarget;
			buildConfigurationList = 4D08BC9A2BCE79C8007B1FBA /* Build configuration list for PBXNativeTarget "TappayoTests" */;
			buildPhases = (
				4D08BC7F2BCE79C8007B1FBA /* Sources */,
				4D08BC802BCE79C8007B1FBA /* Frameworks */,
				4D08BC812BCE79C8007B1FBA /* Resources */,
			);
			buildRules = (
			);
			dependencies = (
				4D08BC852BCE79C8007B1FBA /* PBXTargetDependency */,
			);
			name = TappayoTests;
			productName = TappayoTests;
			productReference = 4D08BC832BCE79C8007B1FBA /* TappayoTests.xctest */;
			productType = "com.apple.product-type.bundle.unit-test";
		};
		4D08BC8C2BCE79C8007B1FBA /* TappayoUITests */ = {
			isa = PBXNativeTarget;
			buildConfigurationList = 4D08BC9D2BCE79C8007B1FBA /* Build configuration list for PBXNativeTarget "TappayoUITests" */;
			buildPhases = (
				4D08BC892BCE79C8007B1FBA /* Sources */,
				4D08BC8A2BCE79C8007B1FBA /* Frameworks */,
				4D08BC8B2BCE79C8007B1FBA /* Resources */,
			);
			buildRules = (
			);
			dependencies = (
				4D08BC8F2BCE79C8007B1FBA /* PBXTargetDependency */,
			);
			name = TappayoUITests;
			productName = TappayoUITests;
			productReference = 4D08BC8D2BCE79C8007B1FBA /* TappayoUITests.xctest */;
			productType = "com.apple.product-type.bundle.ui-testing";
		};
/* End PBXNativeTarget section */

/* Begin PBXProject section */
		4D08BC6B2BCE79B4007B1FBA /* Project object */ = {
			isa = PBXProject;
			attributes = {
				BuildIndependentTargetsInParallel = 1;
				LastSwiftUpdateCheck = 1420;
				LastUpgradeCheck = 2600;
				TargetAttributes = {
					4D08BC722BCE79B4007B1FBA = {
						CreatedOnToolsVersion = 14.2;
					};
					4D08BC822BCE79C8007B1FBA = {
						CreatedOnToolsVersion = 14.2;
						TestTargetID = 4D08BC722BCE79B4007B1FBA;
					};
					4D08BC8C2BCE79C8007B1FBA = {
						CreatedOnToolsVersion = 14.2;
						TestTargetID = 4D08BC722BCE79B4007B1FBA;
					};
				};
			};
			buildConfigurationList = 4D08BC6E2BCE79B4007B1FBA /* Build configuration list for PBXProject "Tappayo" */;
			compatibilityVersion = "Xcode 14.0";
			developmentRegion = en;
			hasScannedForEncodings = 0;
			knownRegions = (
				en,
				Base,
			);
			mainGroup = 4D08BC6A2BCE79B4007B1FBA;
			packageReferences = (
				4D08BCA02BCE7E18007B1FBA /* XCRemoteSwiftPackageReference "stripe-terminal-ios" */,
				4DE1588B2ED368F4000290FA /* XCRemoteSwiftPackageReference "Elegant-Emoji-Picker" */,
			);
			productRefGroup = 4D08BC742BCE79B4007B1FBA /* Products */;
			projectDirPath = "";
			projectRoot = "";
			targets = (
				4D08BC722BCE79B4007B1FBA /* Tappayo */,
				4D08BC822BCE79C8007B1FBA /* TappayoTests */,
				4D08BC8C2BCE79C8007B1FBA /* TappayoUITests */,
			);
		};
/* End PBXProject section */

/* Begin PBXResourcesBuildPhase section */
		4D08BC712BCE79B4007B1FBA /* Resources */ = {
			isa = PBXResourcesBuildPhase;
			buildActionMask = 2147483647;
			files = (
				4DA470962CF63B56009FAAD9 /* notes-for-cursor.txt in Resources */,
				4D08BC7E2BCE79C7007B1FBA /* Preview Assets.xcassets in Resources */,
				4D08BC7B2BCE79C7007B1FBA /* Assets.xcassets in Resources */,
			);
			runOnlyForDeploymentPostprocessing = 0;
		};
		4D08BC812BCE79C8007B1FBA /* Resources */ = {
			isa = PBXResourcesBuildPhase;
			buildActionMask = 2147483647;
			files = (
			);
			runOnlyForDeploymentPostprocessing = 0;
		};
		4D08BC8B2BCE79C8007B1FBA /* Resources */ = {
			isa = PBXResourcesBuildPhase;
			buildActionMask = 2147483647;
			files = (
			);
			runOnlyForDeploymentPostprocessing = 0;
		};
/* End PBXResourcesBuildPhase section */

/* Begin PBXSourcesBuildPhase section */
		4D08BC6F2BCE79B4007B1FBA /* Sources */ = {
			isa = PBXSourcesBuildPhase;
			buildActionMask = 2147483647;
			files = (
				4DD86DD02ECD85FD00332F37 /* ItemEditorView.swift in Sources */,
				4D92B7272C0FF67D005AD949 /* CurrencyTextField.swift in Sources */,
				4D92B7232C0FF2DC005AD949 /* NumberFormatterExtension.swift in Sources */,
				4D00000012345678001CAF11 /* CartItem.swift in Sources */,
				4DD86DD22ECD9BC800332F37 /* CustomKeypadView.swift in Sources */,
				4D00000012345678001CAF13 /* Product.swift in Sources */,
				4D14B3BF2BE36195009213AC /* ReaderDiscoveryViewController.swift in Sources */,
				4D92B71B2C0EE143005AD949 /* SettingsView.swift in Sources */,
				4D92B7152C0EA561005AD949 /* ContentView.swift in Sources */,
				4D92B71D2C0EE223005AD949 /* UserDefaultsKeys.swift in Sources */,
				4DA470922CF60BFE009FAAD9 /* AboutView.swift in Sources */,
				4D08BC772BCE79B4007B1FBA /* TappayoApp.swift in Sources */,
				4DD86DE12ECEB42200332F37 /* ProductEditorView.swift in Sources */,
				4DD86DE22ECEB42200332F37 /* ProductsView.swift in Sources */,
				4DD86DE32ECEB42200332F37 /* DisplayOptionsView.swift in Sources */,
				4D92B7212C0EE642005AD949 /* UserDefaultsHelper.swift in Sources */,
				4DD86DD42ECDA18800332F37 /* CheckoutSheet.swift in Sources */,
				4D14B3C52BE37E49009213AC /* TerminalConnectionView.swift in Sources */,
				4DD86DD62ECDA5FD00332F37 /* CartListView.swift in Sources */,
				4DD86DCD2ECD6B5100332F37 /* PhotoStorageHelper.swift in Sources */,
				4DCA6AFC2BE347AB006220E5 /* APIClient.swift in Sources */,
			);
			runOnlyForDeploymentPostprocessing = 0;
		};
		4D08BC7F2BCE79C8007B1FBA /* Sources */ = {
			isa = PBXSourcesBuildPhase;
			buildActionMask = 2147483647;
			files = (
				4D08BC882BCE79C8007B1FBA /* TappayoTests.swift in Sources */,
			);
			runOnlyForDeploymentPostprocessing = 0;
		};
		4D08BC892BCE79C8007B1FBA /* Sources */ = {
			isa = PBXSourcesBuildPhase;
			buildActionMask = 2147483647;
			files = (
				4D08BC922BCE79C8007B1FBA /* TappayoUITests.swift in Sources */,
				4D08BC942BCE79C8007B1FBA /* TappayoUITestsLaunchTests.swift in Sources */,
			);
			runOnlyForDeploymentPostprocessing = 0;
		};
/* End PBXSourcesBuildPhase section */

/* Begin PBXTargetDependency section */
		4D08BC852BCE79C8007B1FBA /* PBXTargetDependency */ = {
			isa = PBXTargetDependency;
			target = 4D08BC722BCE79B4007B1FBA /* Tappayo */;
			targetProxy = 4D08BC842BCE79C8007B1FBA /* PBXContainerItemProxy */;
		};
		4D08BC8F2BCE79C8007B1FBA /* PBXTargetDependency */ = {
			isa = PBXTargetDependency;
			target = 4D08BC722BCE79B4007B1FBA /* Tappayo */;
			targetProxy = 4D08BC8E2BCE79C8007B1FBA /* PBXContainerItemProxy */;
		};
/* End PBXTargetDependency section */

/* Begin XCBuildConfiguration section */
		4D08BC952BCE79C8007B1FBA /* Debug */ = {
			isa = XCBuildConfiguration;
			buildSettings = {
				ALWAYS_SEARCH_USER_PATHS = NO;
				CLANG_ANALYZER_NONNULL = YES;
				CLANG_ANALYZER_NUMBER_OBJECT_CONVERSION = YES_AGGRESSIVE;
				CLANG_CXX_LANGUAGE_STANDARD = "gnu++20";
				CLANG_ENABLE_MODULES = YES;
				CLANG_ENABLE_OBJC_ARC = YES;
				CLANG_ENABLE_OBJC_WEAK = YES;
				CLANG_WARN_BLOCK_CAPTURE_AUTORELEASING = YES;
				CLANG_WARN_BOOL_CONVERSION = YES;
				CLANG_WARN_COMMA = YES;
				CLANG_WARN_CONSTANT_CONVERSION = YES;
				CLANG_WARN_DEPRECATED_OBJC_IMPLEMENTATIONS = YES;
				CLANG_WARN_DIRECT_OBJC_ISA_USAGE = YES_ERROR;
				CLANG_WARN_DOCUMENTATION_COMMENTS = YES;
				CLANG_WARN_EMPTY_BODY = YES;
				CLANG_WARN_ENUM_CONVERSION = YES;
				CLANG_WARN_INFINITE_RECURSION = YES;
				CLANG_WARN_INT_CONVERSION = YES;
				CLANG_WARN_NON_LITERAL_NULL_CONVERSION = YES;
				CLANG_WARN_OBJC_IMPLICIT_RETAIN_SELF = YES;
				CLANG_WARN_OBJC_LITERAL_CONVERSION = YES;
				CLANG_WARN_OBJC_ROOT_CLASS = YES_ERROR;
				CLANG_WARN_QUOTED_INCLUDE_IN_FRAMEWORK_HEADER = YES;
				CLANG_WARN_RANGE_LOOP_ANALYSIS = YES;
				CLANG_WARN_STRICT_PROTOTYPES = YES;
				CLANG_WARN_SUSPICIOUS_MOVE = YES;
				CLANG_WARN_UNGUARDED_AVAILABILITY = YES_AGGRESSIVE;
				CLANG_WARN_UNREACHABLE_CODE = YES;
				CLANG_WARN__DUPLICATE_METHOD_MATCH = YES;
				COPY_PHASE_STRIP = NO;
				DEBUG_INFORMATION_FORMAT = dwarf;
				ENABLE_STRICT_OBJC_MSGSEND = YES;
				ENABLE_TESTABILITY = YES;
				ENABLE_USER_SCRIPT_SANDBOXING = YES;
				GCC_C_LANGUAGE_STANDARD = gnu11;
				GCC_DYNAMIC_NO_PIC = NO;
				GCC_NO_COMMON_BLOCKS = YES;
				GCC_OPTIMIZATION_LEVEL = 0;
				GCC_PREPROCESSOR_DEFINITIONS = (
					"DEBUG=1",
					"$(inherited)",
				);
				GCC_WARN_64_TO_32_BIT_CONVERSION = YES;
				GCC_WARN_ABOUT_RETURN_TYPE = YES_ERROR;
				GCC_WARN_UNDECLARED_SELECTOR = YES;
				GCC_WARN_UNINITIALIZED_AUTOS = YES_AGGRESSIVE;
				GCC_WARN_UNUSED_FUNCTION = YES;
				GCC_WARN_UNUSED_VARIABLE = YES;
				IPHONEOS_DEPLOYMENT_TARGET = 17.6;
				MTL_ENABLE_DEBUG_INFO = INCLUDE_SOURCE;
				MTL_FAST_MATH = YES;
				ONLY_ACTIVE_ARCH = YES;
				SDKROOT = iphoneos;
				STRING_CATALOG_GENERATE_SYMBOLS = YES;
				SWIFT_ACTIVE_COMPILATION_CONDITIONS = DEBUG;
				SWIFT_OPTIMIZATION_LEVEL = "-Onone";
			};
			name = Debug;
		};
		4D08BC962BCE79C8007B1FBA /* Release */ = {
			isa = XCBuildConfiguration;
			buildSettings = {
				ALWAYS_SEARCH_USER_PATHS = NO;
				CLANG_ANALYZER_NONNULL = YES;
				CLANG_ANALYZER_NUMBER_OBJECT_CONVERSION = YES_AGGRESSIVE;
				CLANG_CXX_LANGUAGE_STANDARD = "gnu++20";
				CLANG_ENABLE_MODULES = YES;
				CLANG_ENABLE_OBJC_ARC = YES;
				CLANG_ENABLE_OBJC_WEAK = YES;
				CLANG_WARN_BLOCK_CAPTURE_AUTORELEASING = YES;
				CLANG_WARN_BOOL_CONVERSION = YES;
				CLANG_WARN_COMMA = YES;
				CLANG_WARN_CONSTANT_CONVERSION = YES;
				CLANG_WARN_DEPRECATED_OBJC_IMPLEMENTATIONS = YES;
				CLANG_WARN_DIRECT_OBJC_ISA_USAGE = YES_ERROR;
				CLANG_WARN_DOCUMENTATION_COMMENTS = YES;
				CLANG_WARN_EMPTY_BODY = YES;
				CLANG_WARN_ENUM_CONVERSION = YES;
				CLANG_WARN_INFINITE_RECURSION = YES;
				CLANG_WARN_INT_CONVERSION = YES;
				CLANG_WARN_NON_LITERAL_NULL_CONVERSION = YES;
				CLANG_WARN_OBJC_IMPLICIT_RETAIN_SELF = YES;
				CLANG_WARN_OBJC_LITERAL_CONVERSION = YES;
				CLANG_WARN_OBJC_ROOT_CLASS = YES_ERROR;
				CLANG_WARN_QUOTED_INCLUDE_IN_FRAMEWORK_HEADER = YES;
				CLANG_WARN_RANGE_LOOP_ANALYSIS = YES;
				CLANG_WARN_STRICT_PROTOTYPES = YES;
				CLANG_WARN_SUSPICIOUS_MOVE = YES;
				CLANG_WARN_UNGUARDED_AVAILABILITY = YES_AGGRESSIVE;
				CLANG_WARN_UNREACHABLE_CODE = YES;
				CLANG_WARN__DUPLICATE_METHOD_MATCH = YES;
				COPY_PHASE_STRIP = NO;
				DEBUG_INFORMATION_FORMAT = "dwarf-with-dsym";
				ENABLE_NS_ASSERTIONS = NO;
				ENABLE_STRICT_OBJC_MSGSEND = YES;
				ENABLE_USER_SCRIPT_SANDBOXING = YES;
				GCC_C_LANGUAGE_STANDARD = gnu11;
				GCC_NO_COMMON_BLOCKS = YES;
				GCC_WARN_64_TO_32_BIT_CONVERSION = YES;
				GCC_WARN_ABOUT_RETURN_TYPE = YES_ERROR;
				GCC_WARN_UNDECLARED_SELECTOR = YES;
				GCC_WARN_UNINITIALIZED_AUTOS = YES_AGGRESSIVE;
				GCC_WARN_UNUSED_FUNCTION = YES;
				GCC_WARN_UNUSED_VARIABLE = YES;
				IPHONEOS_DEPLOYMENT_TARGET = 17.6;
				MTL_ENABLE_DEBUG_INFO = NO;
				MTL_FAST_MATH = YES;
				SDKROOT = iphoneos;
				STRING_CATALOG_GENERATE_SYMBOLS = YES;
				SWIFT_COMPILATION_MODE = wholemodule;
				SWIFT_OPTIMIZATION_LEVEL = "-O";
				VALIDATE_PRODUCT = YES;
			};
			name = Release;
		};
		4D08BC982BCE79C8007B1FBA /* Debug */ = {
			isa = XCBuildConfiguration;
			buildSettings = {
				ASSETCATALOG_COMPILER_APPICON_NAME = AppIcon;
				ASSETCATALOG_COMPILER_GLOBAL_ACCENT_COLOR_NAME = AccentColor;
				CODE_SIGN_ENTITLEMENTS = Tappayo/Tappayo.entitlements;
				CODE_SIGN_IDENTITY = "Apple Development";
				CODE_SIGN_STYLE = Automatic;
				CURRENT_PROJECT_VERSION = 2;
				DEVELOPMENT_ASSET_PATHS = "\"Tappayo/Preview Content\"";
				DEVELOPMENT_TEAM = 37D452LT85;
				ENABLE_PREVIEWS = YES;
				GENERATE_INFOPLIST_FILE = YES;
				INFOPLIST_FILE = Tappayo/Info.plist;
				INFOPLIST_KEY_NSBluetoothAlwaysUsageDescription = "We need Bluetooth so you can receive payments via Tap to Pay";
				INFOPLIST_KEY_NSLocationWhenInUseUsageDescription = "Location access is required to accept payments, yo!";
				INFOPLIST_KEY_UIApplicationSceneManifest_Generation = YES;
				INFOPLIST_KEY_UIApplicationSupportsIndirectInputEvents = YES;
				INFOPLIST_KEY_UILaunchScreen_Generation = YES;
				INFOPLIST_KEY_UISupportedInterfaceOrientations_iPad = "UIInterfaceOrientationPortrait UIInterfaceOrientationPortraitUpsideDown UIInterfaceOrientationLandscapeLeft UIInterfaceOrientationLandscapeRight";
				INFOPLIST_KEY_UISupportedInterfaceOrientations_iPhone = "UIInterfaceOrientationPortrait UIInterfaceOrientationLandscapeLeft UIInterfaceOrientationLandscapeRight";
				LD_RUNPATH_SEARCH_PATHS = (
					"$(inherited)",
					"@executable_path/Frameworks",
				);
				MARKETING_VERSION = 1;
				PRODUCT_BUNDLE_IDENTIFIER = com.markmoriarty.ios.tappayo;
				PRODUCT_NAME = "$(TARGET_NAME)";
				PROVISIONING_PROFILE_SPECIFIER = "";
				SWIFT_EMIT_LOC_STRINGS = YES;
				SWIFT_VERSION = 5.0;
				TARGETED_DEVICE_FAMILY = "1,2";
			};
			name = Debug;
		};
		4D08BC992BCE79C8007B1FBA /* Release */ = {
			isa = XCBuildConfiguration;
			buildSettings = {
				ASSETCATALOG_COMPILER_APPICON_NAME = AppIcon;
				ASSETCATALOG_COMPILER_GLOBAL_ACCENT_COLOR_NAME = AccentColor;
				CODE_SIGN_ENTITLEMENTS = Tappayo/Tappayo.entitlements;
				CODE_SIGN_IDENTITY = "Apple Development";
				CODE_SIGN_STYLE = Automatic;
				CURRENT_PROJECT_VERSION = 2;
				DEVELOPMENT_ASSET_PATHS = "\"Tappayo/Preview Content\"";
				DEVELOPMENT_TEAM = 37D452LT85;
				ENABLE_PREVIEWS = YES;
				GENERATE_INFOPLIST_FILE = YES;
				INFOPLIST_FILE = Tappayo/Info.plist;
				INFOPLIST_KEY_NSBluetoothAlwaysUsageDescription = "We need Bluetooth so you can receive payments via Tap to Pay";
				INFOPLIST_KEY_NSLocationWhenInUseUsageDescription = "Location access is required to accept payments, yo!";
				INFOPLIST_KEY_UIApplicationSceneManifest_Generation = YES;
				INFOPLIST_KEY_UIApplicationSupportsIndirectInputEvents = YES;
				INFOPLIST_KEY_UILaunchScreen_Generation = YES;
				INFOPLIST_KEY_UISupportedInterfaceOrientations_iPad = "UIInterfaceOrientationPortrait UIInterfaceOrientationPortraitUpsideDown UIInterfaceOrientationLandscapeLeft UIInterfaceOrientationLandscapeRight";
				INFOPLIST_KEY_UISupportedInterfaceOrientations_iPhone = "UIInterfaceOrientationPortrait UIInterfaceOrientationLandscapeLeft UIInterfaceOrientationLandscapeRight";
				LD_RUNPATH_SEARCH_PATHS = (
					"$(inherited)",
					"@executable_path/Frameworks",
				);
				MARKETING_VERSION = 1;
				PRODUCT_BUNDLE_IDENTIFIER = com.markmoriarty.ios.tappayo;
				PRODUCT_NAME = "$(TARGET_NAME)";
				PROVISIONING_PROFILE_SPECIFIER = "";
				SWIFT_EMIT_LOC_STRINGS = YES;
				SWIFT_VERSION = 5.0;
				TARGETED_DEVICE_FAMILY = "1,2";
			};
			name = Release;
		};
		4D08BC9B2BCE79C8007B1FBA /* Debug */ = {
			isa = XCBuildConfiguration;
			buildSettings = {
				BUNDLE_LOADER = "$(TEST_HOST)";
				CODE_SIGN_STYLE = Automatic;
				CURRENT_PROJECT_VERSION = 1;
				GENERATE_INFOPLIST_FILE = YES;
				IPHONEOS_DEPLOYMENT_TARGET = 16.2;
				MARKETING_VERSION = 1.0;
				PRODUCT_BUNDLE_IDENTIFIER = com.markmoriarty.ios.tappayo.TappayoTests;
				PRODUCT_NAME = "$(TARGET_NAME)";
				SWIFT_EMIT_LOC_STRINGS = NO;
				SWIFT_VERSION = 5.0;
				TARGETED_DEVICE_FAMILY = "1,2";
				TEST_HOST = "$(BUILT_PRODUCTS_DIR)/Tappayo.app/$(BUNDLE_EXECUTABLE_FOLDER_PATH)/Tappayo";
			};
			name = Debug;
		};
		4D08BC9C2BCE79C8007B1FBA /* Release */ = {
			isa = XCBuildConfiguration;
			buildSettings = {
				BUNDLE_LOADER = "$(TEST_HOST)";
				CODE_SIGN_STYLE = Automatic;
				CURRENT_PROJECT_VERSION = 1;
				GENERATE_INFOPLIST_FILE = YES;
				IPHONEOS_DEPLOYMENT_TARGET = 16.2;
				MARKETING_VERSION = 1.0;
				PRODUCT_BUNDLE_IDENTIFIER = com.markmoriarty.ios.tappayo.TappayoTests;
				PRODUCT_NAME = "$(TARGET_NAME)";
				SWIFT_EMIT_LOC_STRINGS = NO;
				SWIFT_VERSION = 5.0;
				TARGETED_DEVICE_FAMILY = "1,2";
				TEST_HOST = "$(BUILT_PRODUCTS_DIR)/Tappayo.app/$(BUNDLE_EXECUTABLE_FOLDER_PATH)/Tappayo";
			};
			name = Release;
		};
		4D08BC9E2BCE79C8007B1FBA /* Debug */ = {
			isa = XCBuildConfiguration;
			buildSettings = {
				CODE_SIGN_STYLE = Automatic;
				CURRENT_PROJECT_VERSION = 1;
				GENERATE_INFOPLIST_FILE = YES;
				MARKETING_VERSION = 1.0;
				PRODUCT_BUNDLE_IDENTIFIER = com.markmoriarty.ios.tappayo.TappayoUITests;
				PRODUCT_NAME = "$(TARGET_NAME)";
				SWIFT_EMIT_LOC_STRINGS = NO;
				SWIFT_VERSION = 5.0;
				TARGETED_DEVICE_FAMILY = "1,2";
				TEST_TARGET_NAME = Tappayo;
			};
			name = Debug;
		};
		4D08BC9F2BCE79C8007B1FBA /* Release */ = {
			isa = XCBuildConfiguration;
			buildSettings = {
				CODE_SIGN_STYLE = Automatic;
				CURRENT_PROJECT_VERSION = 1;
				GENERATE_INFOPLIST_FILE = YES;
				MARKETING_VERSION = 1.0;
				PRODUCT_BUNDLE_IDENTIFIER = com.markmoriarty.ios.tappayo.TappayoUITests;
				PRODUCT_NAME = "$(TARGET_NAME)";
				SWIFT_EMIT_LOC_STRINGS = NO;
				SWIFT_VERSION = 5.0;
				TARGETED_DEVICE_FAMILY = "1,2";
				TEST_TARGET_NAME = Tappayo;
			};
			name = Release;
		};
/* End XCBuildConfiguration section */

/* Begin XCConfigurationList section */
		4D08BC6E2BCE79B4007B1FBA /* Build configuration list for PBXProject "Tappayo" */ = {
			isa = XCConfigurationList;
			buildConfigurations = (
				4D08BC952BCE79C8007B1FBA /* Debug */,
				4D08BC962BCE79C8007B1FBA /* Release */,
			);
			defaultConfigurationIsVisible = 0;
			defaultConfigurationName = Release;
		};
		4D08BC972BCE79C8007B1FBA /* Build configuration list for PBXNativeTarget "Tappayo" */ = {
			isa = XCConfigurationList;
			buildConfigurations = (
				4D08BC982BCE79C8007B1FBA /* Debug */,
				4D08BC992BCE79C8007B1FBA /* Release */,
			);
			defaultConfigurationIsVisible = 0;
			defaultConfigurationName = Release;
		};
		4D08BC9A2BCE79C8007B1FBA /* Build configuration list for PBXNativeTarget "TappayoTests" */ = {
			isa = XCConfigurationList;
			buildConfigurations = (
				4D08BC9B2BCE79C8007B1FBA /* Debug */,
				4D08BC9C2BCE79C8007B1FBA /* Release */,
			);
			defaultConfigurationIsVisible = 0;
			defaultConfigurationName = Release;
		};
		4D08BC9D2BCE79C8007B1FBA /* Build configuration list for PBXNativeTarget "TappayoUITests" */ = {
			isa = XCConfigurationList;
			buildConfigurations = (
				4D08BC9E2BCE79C8007B1FBA /* Debug */,
				4D08BC9F2BCE79C8007B1FBA /* Release */,
			);
			defaultConfigurationIsVisible = 0;
			defaultConfigurationName = Release;
		};
/* End XCConfigurationList section */

/* Begin XCRemoteSwiftPackageReference section */
		4D08BCA02BCE7E18007B1FBA /* XCRemoteSwiftPackageReference "stripe-terminal-ios" */ = {
			isa = XCRemoteSwiftPackageReference;
			repositoryURL = "https://github.com/stripe/stripe-terminal-ios";
			requirement = {
				kind = upToNextMajorVersion;
				minimumVersion = 3.0.0;
			};
		};
		4DE1588B2ED368F4000290FA /* XCRemoteSwiftPackageReference "Elegant-Emoji-Picker" */ = {
			isa = XCRemoteSwiftPackageReference;
			repositoryURL = "https://github.com/Finalet/Elegant-Emoji-Picker";
			requirement = {
				kind = exactVersion;
				version = 1.0.0;
			};
		};
/* End XCRemoteSwiftPackageReference section */

/* Begin XCSwiftPackageProductDependency section */
		4D08BCA12BCE7E19007B1FBA /* StripeTerminal */ = {
			isa = XCSwiftPackageProductDependency;
			package = 4D08BCA02BCE7E18007B1FBA /* XCRemoteSwiftPackageReference "stripe-terminal-ios" */;
			productName = StripeTerminal;
		};
		4DE1588C2ED368F4000290FA /* ElegantEmojiPicker */ = {
			isa = XCSwiftPackageProductDependency;
			package = 4DE1588B2ED368F4000290FA /* XCRemoteSwiftPackageReference "Elegant-Emoji-Picker" */;
			productName = ElegantEmojiPicker;
		};
/* End XCSwiftPackageProductDependency section */
	};
	rootObject = 4D08BC6B2BCE79B4007B1FBA /* Project object */;
}
