{
  "originHash" : "bea6868ea8a057cd2f7c1dc6bd09c1ef902d247d434ff51883229d9c488ae3b9",
  "pins" : [
    {
      "identity" : "mcemojipicker",
      "kind" : "remoteSourceControl",
      "location" : "https://github.com/izyumkin/MCEmojiPicker",
      "state" : {
        "revision" : "e5b3ed359b04370287366a7c15ffa7013cdd4eec",
        "version" : "1.2.5"
      }
    },
    {
      "identity" : "stripe-terminal-ios",
      "kind" : "remoteSourceControl",
      "location" : "https://github.com/stripe/stripe-terminal-ios",
      "state" : {
        "revision" : "6aa4f88109ec124f88d6ebd0a0f6f22915ed0d50",
        "version" : "3.5.0"
      }
    }
  ],
  "version" : 3
}
