{
  "originHash" : "2f1170c43b3b33d0252b22f5be9227e4ff2d85816cec5e18264437dd52ef7ecc",
  "pins" : [
    {
      "identity" : "elegant-emoji-picker",
      "kind" : "remoteSourceControl",
      "location" : "https://github.com/Finalet/Elegant-Emoji-Picker",
      "state" : {
        "branch" : "main",
        "revision" : "31605313f26a5997495aba6906b1c5bf8bf7b124"
      }
    },
    {
      "identity" : "stripe-terminal-ios",
      "kind" : "remoteSourceControl",
      "location" : "https://github.com/stripe/stripe-terminal-ios",
      "state" : {
        "revision" : "6aa4f88109ec124f88d6ebd0a0f6f22915ed0d50",
        "version" : "3.5.0"
      }
    }
  ],
  "version" : 3
}
